{
  "version": 4,
  "terraform_version": "1.0.5",
  "serial": 5,
  "lineage": "8dc3ec9d-6112-e060-13e7-863bcaa864ef",
  "outputs": {
    "external_ip_address_jenkins": {
      "value": "84.201.135.161",
      "type": "string"
    },
    "internal_ip_address_jenkins": {
      "value": "192.168.10.4",
      "type": "string"
    }
  },
  "resources": [
    {
      "mode": "managed",
      "type": "local_file",
      "name": "inventory",
      "provider": "provider[\"registry.terraform.io/hashicorp/local\"]",
      "instances": [
        {
          "schema_version": 0,
          "attributes": {
            "content": "[jenkins]\n84.201.135.161\n",
            "content_base64": null,
            "directory_permission": "0777",
            "file_permission": "0777",
            "filename": "../ansible/inventory.ini",
            "id": "af7cf6893381edc472eb11630e1744a1244abe1e",
            "sensitive_content": null,
            "source": null
          },
          "sensitive_attributes": [],
          "private": "bnVsbA==",
          "dependencies": [
            "yandex_compute_instance.jenkins",
            "yandex_vpc_network.network-pr-8",
            "yandex_vpc_subnet.subnet-pr-8"
          ]
        }
      ]
    },
    {
      "mode": "managed",
      "type": "yandex_compute_instance",
      "name": "jenkins",
      "provider": "provider[\"registry.terraform.io/yandex-cloud/yandex\"]",
      "instances": [
        {
          "schema_version": 1,
          "attributes": {
            "allow_stopping_for_update": null,
            "boot_disk": [
              {
                "auto_delete": true,
                "device_name": "fhm2n394cvh9f3mkjkdt",
                "disk_id": "fhm2n394cvh9f3mkjkdt",
                "initialize_params": [
                  {
                    "description": "",
                    "image_id": "fd87uq4tagjupcnm376a",
                    "name": "",
                    "size": 25,
                    "snapshot_id": "",
                    "type": "network-hdd"
                  }
                ],
                "mode": "READ_WRITE"
              }
            ],
            "created_at": "2021-08-25T14:20:13Z",
            "description": "",
            "folder_id": "b1gisomnek0akgfaq3bm",
            "fqdn": "fhm04kn2p7sfnlvpc0kf.auto.internal",
            "hostname": "fhm04kn2p7sfnlvpc0kf",
            "id": "fhm04kn2p7sfnlvpc0kf",
            "labels": null,
            "metadata": {
              "user-data": "#cloud-config\nusers:\n  - name: meo\n    groups: sudo\n    shell: /bin/bash\n    sudo: ['ALL=(ALL) NOPASSWD:ALL']\n    ssh-authorized-keys:\n      - ssh-rsa AAAAB3NzaC1yc2EAAAABJQAAAIEA0LNDP5puO4AvixlnuxUjmIDDn/Ym5hOqWk3Gu7viWualWcfXIPRxV3RiLMPGFYroFkTJiNchScOscojSxN4UZmwdDrgnbKjjK1RGR7RT0cxM23UjqjUjDWAIcdT//DLuluFqFbiddXhZSrx8pcal4rKarDwIumP0d/tRI4kJe8M= jkl@kurosu"
            },
            "name": "jenkins",
            "network_acceleration_type": "standard",
            "network_interface": [
              {
                "dns_record": [],
                "index": 0,
                "ip_address": "192.168.10.4",
                "ipv4": true,
                "ipv6": false,
                "ipv6_address": "",
                "ipv6_dns_record": [],
                "mac_address": "d0:0d:25:2e:2c:9f",
                "nat": true,
                "nat_dns_record": [],
                "nat_ip_address": "84.201.135.161",
                "nat_ip_version": "IPV4",
                "security_group_ids": [],
                "subnet_id": "e9boivigbmcmefkt2dbq"
              }
            ],
            "placement_policy": [
              {
                "placement_group_id": ""
              }
            ],
            "platform_id": "standard-v1",
            "resources": [
              {
                "core_fraction": 5,
                "cores": 2,
                "gpus": 0,
                "memory": 2
              }
            ],
            "scheduling_policy": [
              {
                "preemptible": false
              }
            ],
            "secondary_disk": [],
            "service_account_id": "",
            "status": "running",
            "timeouts": null,
            "zone": "ru-central1-a"
          },
          "sensitive_attributes": [],
          "private": "eyJlMmJmYjczMC1lY2FhLTExZTYtOGY4OC0zNDM2M2JjN2M0YzAiOnsiY3JlYXRlIjozMDAwMDAwMDAwMDAsImRlbGV0ZSI6MzAwMDAwMDAwMDAwLCJ1cGRhdGUiOjMwMDAwMDAwMDAwMH0sInNjaGVtYV92ZXJzaW9uIjoiMSJ9",
          "dependencies": [
            "yandex_vpc_network.network-pr-8",
            "yandex_vpc_subnet.subnet-pr-8"
          ]
        }
      ]
    },
    {
      "mode": "managed",
      "type": "yandex_vpc_network",
      "name": "network-pr-8",
      "provider": "provider[\"registry.terraform.io/yandex-cloud/yandex\"]",
      "instances": [
        {
          "schema_version": 0,
          "attributes": {
            "created_at": "2021-08-25T14:20:11Z",
            "default_security_group_id": "",
            "description": "",
            "folder_id": "b1gisomnek0akgfaq3bm",
            "id": "enp74i6vcusqgqb24csi",
            "labels": null,
            "name": "network-pr-8",
            "subnet_ids": [],
            "timeouts": null
          },
          "sensitive_attributes": [],
          "private": "eyJlMmJmYjczMC1lY2FhLTExZTYtOGY4OC0zNDM2M2JjN2M0YzAiOnsiY3JlYXRlIjo2MDAwMDAwMDAwMCwiZGVsZXRlIjo2MDAwMDAwMDAwMCwidXBkYXRlIjo2MDAwMDAwMDAwMH19"
        }
      ]
    },
    {
      "mode": "managed",
      "type": "yandex_vpc_subnet",
      "name": "subnet-pr-8",
      "provider": "provider[\"registry.terraform.io/yandex-cloud/yandex\"]",
      "instances": [
        {
          "schema_version": 0,
          "attributes": {
            "created_at": "2021-08-25T14:20:12Z",
            "description": "",
            "dhcp_options": [],
            "folder_id": "b1gisomnek0akgfaq3bm",
            "id": "e9boivigbmcmefkt2dbq",
            "labels": null,
            "name": "subnet-pr-8",
            "network_id": "enp74i6vcusqgqb24csi",
            "route_table_id": "",
            "timeouts": null,
            "v4_cidr_blocks": [
              "192.168.10.0/24"
            ],
            "v6_cidr_blocks": [],
            "zone": "ru-central1-a"
          },
          "sensitive_attributes": [],
          "private": "eyJlMmJmYjczMC1lY2FhLTExZTYtOGY4OC0zNDM2M2JjN2M0YzAiOnsiY3JlYXRlIjoxODAwMDAwMDAwMDAsImRlbGV0ZSI6MTgwMDAwMDAwMDAwLCJ1cGRhdGUiOjE4MDAwMDAwMDAwMH19",
          "dependencies": [
            "yandex_vpc_network.network-pr-8"
          ]
        }
      ]
    }
  ]
}
